
Microsoft Visual Studio Solution File, Format Version 12.00
# Visual Studio 15
VisualStudioVersion = 15.0.27703.2047
MinimumVisualStudioVersion = 10.0.40219.1
Project("{FAE04EC0-301F-11D3-BF4B-00C04F79EFBC}") = "Albums2", "Albums2\Albums2.csproj", "{50AD2419-8104-4497-83FE-FCFA4DBBEA4D}"
EndProject
Global
	GlobalSection(SolutionConfigurationPlatforms) = preSolution
		Debug|Any CPU = Debug|Any CPU
		Release|Any CPU = Release|Any CPU
	EndGlobalSection
	GlobalSection(ProjectConfigurationPlatforms) = postSolution
		{50AD2419-8104-4497-83FE-FCFA4DBBEA4D}.Debug|Any CPU.ActiveCfg = Debug|Any CPU
		{50AD2419-8104-4497-83FE-FCFA4DBBEA4D}.Debug|Any CPU.Build.0 = Debug|Any CPU
		{50AD2419-8104-4497-83FE-FCFA4DBBEA4D}.Release|Any CPU.ActiveCfg = Release|Any CPU
		{50AD2419-8104-4497-83FE-FCFA4DBBEA4D}.Release|Any CPU.Build.0 = Release|Any CPU
	EndGlobalSection
	GlobalSection(SolutionProperties) = preSolution
		HideSolutionNode = FALSE
	EndGlobalSection
	GlobalSection(ExtensibilityGlobals) = postSolution
		SolutionGuid = {996FD563-0D7A-4476-B5BA-CC1E57FEC15E}
	EndGlobalSection
EndGlobal
